{
    "_readme": [
        "This file locks the dependencies of your project to a known state",
        "Read more about it at https://getcomposer.org/doc/01-basic-usage.md#composer-lock-the-lock-file",
        "This file is @generated automatically"
    ],
    "hash": "68bca812e0a00c973d54d727e8581324",
    "content-hash": "c304e377dc79b360d672da7a581371b1",
    "packages": [
        {
            "name": "nacmartin/phpexecjs",
            "version": "v0.8.7",
            "source": {
                "type": "git",
                "url": "https://github.com/nacmartin/phpexecjs.git",
                "reference": "f7f1c99b559ec63b9be37f2c356a21fd4856f726"
            },
            "dist": {
                "type": "zip",
                "url": "https://api.github.com/repos/nacmartin/phpexecjs/zipball/f7f1c99b559ec63b9be37f2c356a21fd4856f726",
                "reference": "f7f1c99b559ec63b9be37f2c356a21fd4856f726",
                "shasum": ""
            },
            "require": {
                "symfony/process": "~2.3|~3.0"
            },
            "type": "library",
            "autoload": {
                "psr-0": {
                    "Nacmartin\\PhpExecJs": "src/"
                }
            },
            "notification-url": "https://packagist.org/downloads/",
            "license": [
                "MIT"
            ],
            "authors": [
                {
                    "name": "nacho",
                    "email": "nacho@limenius.com"
                }
            ],
            "description": "Run JavaScript code from PHP",
            "time": "2016-09-28 08:36:23"
        },
        {
            "name": "symfony/process",
            "version": "v3.2.0",
            "source": {
                "type": "git",
                "url": "https://github.com/symfony/process.git",
                "reference": "02ea84847aad71be7e32056408bb19f3a616cdd3"
            },
            "dist": {
                "type": "zip",
                "url": "https://api.github.com/repos/symfony/process/zipball/02ea84847aad71be7e32056408bb19f3a616cdd3",
                "reference": "02ea84847aad71be7e32056408bb19f3a616cdd3",
                "shasum": ""
            },
            "require": {
                "php": ">=5.5.9"
            },
            "type": "library",
            "extra": {
                "branch-alias": {
                    "dev-master": "3.2-dev"
                }
            },
            "autoload": {
                "psr-4": {
                    "Symfony\\Component\\Process\\": ""
                },
                "exclude-from-classmap": [
                    "/Tests/"
                ]
            },
            "notification-url": "https://packagist.org/downloads/",
            "license": [
                "MIT"
            ],
            "authors": [
                {
                    "name": "Fabien Potencier",
                    "email": "fabien@symfony.com"
                },
                {
                    "name": "Symfony Community",
                    "homepage": "https://symfony.com/contributors"
                }
            ],
            "description": "Symfony Process Component",
            "homepage": "https://symfony.com",
            "time": "2016-11-24 10:40:28"
        }
    ],
    "packages-dev": [],
    "aliases": [],
    "minimum-stability": "stable",
    "stability-flags": [],
    "prefer-stable": false,
    "prefer-lowest": false,
    "platform": [],
    "platform-dev": []
}
